
Microsoft Visual Studio Solution File, Format Version 12.00
# Visual Studio Version 16
VisualStudioVersion = 16.0.30011.22
MinimumVisualStudioVersion = 10.0.40219.1
Project("{2150E333-8FDC-42A3-9474-1A3956D46DE8}") = "API", "API", "{372AFBB8-9BF6-481F-AE38-77DDAD7D9BA2}"
EndProject
Project("{9A19103F-16F7-4668-BE54-9A1E7A4F7556}") = "CTS.API.AdminAPP", "CTS.API.AdminAPP\CTS.API.AdminAPP.csproj", "{BF4C4BE1-A63B-4F4F-AC5F-E410BBD74B5B}"
EndProject
Project("{2150E333-8FDC-42A3-9474-1A3956D46DE8}") = "Core", "Core", "{18A13C66-F98D-4FF7-A599-CA312365C206}"
EndProject
Project("{2150E333-8FDC-42A3-9474-1A3956D46DE8}") = "Tests", "Tests", "{08E691F0-CF50-4E15-B6CD-F84CEFE4AFC1}"
EndProject
Project("{2150E333-8FDC-42A3-9474-1A3956D46DE8}") = "AdminAPP", "AdminAPP", "{C470D092-CD31-4E88-AA48-44BE465FF173}"
EndProject
Project("{2150E333-8FDC-42A3-9474-1A3956D46DE8}") = "TeachersAPP", "TeachersAPP", "{02E1C453-A94B-40F8-8780-F669CA0D5291}"
EndProject
Project("{2150E333-8FDC-42A3-9474-1A3956D46DE8}") = "ParentsAPP", "ParentsAPP", "{42481222-8059-446A-B47E-B6D45715B35D}"
EndProject
Project("{9A19103F-16F7-4668-BE54-9A1E7A4F7556}") = "CTS.Business.AdminAPP", "CTS.Business.AdminAPP\CTS.Business.AdminAPP.csproj", "{9DD09FC0-631D-488E-8B83-2EBAF1ADAA1F}"
EndProject
Project("{9A19103F-16F7-4668-BE54-9A1E7A4F7556}") = "CTS.Business.AdminAPP.Interface", "CTS.Business.AdminAPP.Interface\CTS.Business.AdminAPP.Interface.csproj", "{F2A2BA6C-69BF-417C-AEA9-81D3720C62DF}"
EndProject
Project("{9A19103F-16F7-4668-BE54-9A1E7A4F7556}") = "CTS.DataAccess.AdminAPP", "CTS.DataAccess.AdminAPP\CTS.DataAccess.AdminAPP.csproj", "{5DEB85FC-CE67-4C9A-9CDC-3D3B366494F6}"
EndProject
Project("{9A19103F-16F7-4668-BE54-9A1E7A4F7556}") = "CTS.Business.ParentsAPP", "CTS.Business.ParentsAPP\CTS.Business.ParentsAPP.csproj", "{FE86F76A-079F-4500-B010-6496234D07E8}"
EndProject
Project("{9A19103F-16F7-4668-BE54-9A1E7A4F7556}") = "CTS.Business.ParentsAPP.Interface", "CTS.Business.ParentsAPP.Interface\CTS.Business.ParentsAPP.Interface.csproj", "{404FAF6F-8826-4A48-8EB1-94A3FD3CEC11}"
EndProject
Project("{9A19103F-16F7-4668-BE54-9A1E7A4F7556}") = "CTS.DataAccess.ParentsAPP", "CTS.DataAccess.ParentsAPP\CTS.DataAccess.ParentsAPP.csproj", "{65A682FF-1E8B-40D8-A68D-E3300F91D0C2}"
EndProject
Project("{9A19103F-16F7-4668-BE54-9A1E7A4F7556}") = "CTS.DataAccess.ParentsAPP.Interface", "CTS.DataAccess.ParentsAPP.Interface\CTS.DataAccess.ParentsAPP.Interface.csproj", "{05F0BD36-6300-4583-A94E-4E82FFCA208E}"
EndProject
Project("{9A19103F-16F7-4668-BE54-9A1E7A4F7556}") = "CTS.Business.TeachersAPP", "CTS.Business.TeachersAPP\CTS.Business.TeachersAPP.csproj", "{42879650-5129-40FB-B8F9-011E1A0D45E7}"
EndProject
Project("{9A19103F-16F7-4668-BE54-9A1E7A4F7556}") = "CTS.Business.TeachersAPP.Interface", "CTS.Business.TeachersAPP.Interface\CTS.Business.TeachersAPP.Interface.csproj", "{C008E078-1843-4D44-97E1-65142C6B28EB}"
EndProject
Project("{9A19103F-16F7-4668-BE54-9A1E7A4F7556}") = "CTS.DataAccess.TeachersAPP", "CTS.DataAccess.TeachersAPP\CTS.DataAccess.TeachersAPP.csproj", "{ED89B49B-4C9B-449B-A433-25A39FD24A95}"
EndProject
Project("{9A19103F-16F7-4668-BE54-9A1E7A4F7556}") = "CTS.DataAccess.TeachersAPP.Interface", "CTS.DataAccess.TeachersAPP.Interface\CTS.DataAccess.TeachersAPP.Interface.csproj", "{3A71F34D-E573-4DA9-9401-104816AE0C9E}"
EndProject
Project("{9A19103F-16F7-4668-BE54-9A1E7A4F7556}") = "CTS.Business.Core", "CTS.Business.Core\CTS.Business.Core.csproj", "{BF446DB8-F9D5-4541-B751-1F28594BF406}"
EndProject
Project("{9A19103F-16F7-4668-BE54-9A1E7A4F7556}") = "CTS.Business.Core.Interface", "CTS.Business.Core.Interface\CTS.Business.Core.Interface.csproj", "{DB130598-1869-43C9-92DD-39EAE8FF14C7}"
EndProject
Project("{9A19103F-16F7-4668-BE54-9A1E7A4F7556}") = "CTS.Common", "CTS.Common\CTS.Common.csproj", "{CB3F1292-F64A-49C9-96FD-0E2632CF3BDB}"
EndProject
Project("{9A19103F-16F7-4668-BE54-9A1E7A4F7556}") = "CTS.DataAccess.Core", "CTS.DataAccess.Core\CTS.DataAccess.Core.csproj", "{2420A5B1-3AFC-4715-A9F2-46AC27913607}"
EndProject
Project("{9A19103F-16F7-4668-BE54-9A1E7A4F7556}") = "CTS.DataAccess.Core.Interface", "CTS.DataAccess.Core.Interface\CTS.DataAccess.Core.Interface.csproj", "{44DE7DD8-F301-4CCD-9795-93FB597DEC0E}"
EndProject
Project("{9A19103F-16F7-4668-BE54-9A1E7A4F7556}") = "CTS.Model", "CTS.Model\CTS.Model.csproj", "{7089DFD3-41B4-4F39-B0A9-D9D2D8E08FE0}"
EndProject
Project("{2150E333-8FDC-42A3-9474-1A3956D46DE8}") = "Security", "Security", "{BDCB2F86-570E-4199-940E-8927E2F7D73A}"
EndProject
Project("{9A19103F-16F7-4668-BE54-9A1E7A4F7556}") = "CTS.Business.Security", "CTS.Business.Security\CTS.Business.Security.csproj", "{D40FD67E-BB56-4EF6-A14F-92FF6C1DF657}"
EndProject
Project("{9A19103F-16F7-4668-BE54-9A1E7A4F7556}") = "CTS.Business.Security.Interface", "CTS.Business.Security.Interface\CTS.Business.Security.Interface.csproj", "{7AB7FAAF-0069-4C84-B493-7C9551C0A926}"
EndProject
Project("{9A19103F-16F7-4668-BE54-9A1E7A4F7556}") = "CTS.DataAccess.Security", "CTS.DataAccess.Security\CTS.DataAccess.Security.csproj", "{CB29100F-3C24-417B-95E2-0C80513FE2D9}"
EndProject
Project("{9A19103F-16F7-4668-BE54-9A1E7A4F7556}") = "CTS.DataAccess.Security.Interface", "CTS.DataAccess.Security.Interface\CTS.DataAccess.Security.Interface.csproj", "{4B570B2B-C780-4E2F-8833-61764E76A7E8}"
EndProject
Project("{9A19103F-16F7-4668-BE54-9A1E7A4F7556}") = "CTS.Core.DataAccess", "CTS.Core.DataAccess\CTS.Core.DataAccess.csproj", "{BC08BE99-5ADB-4751-9ADE-9575228586C2}"
EndProject
Project("{9A19103F-16F7-4668-BE54-9A1E7A4F7556}") = "CTS.DataAccess.AdminAPP.Interface", "CTS.DataAccess.AdminAPP.Interface\CTS.DataAccess.AdminAPP.Interface.csproj", "{EC9AF41E-5A60-44DF-BAAD-271FEA39EC4F}"
EndProject
Global
	GlobalSection(SolutionConfigurationPlatforms) = preSolution
		Debug|Any CPU = Debug|Any CPU
		Release|Any CPU = Release|Any CPU
	EndGlobalSection
	GlobalSection(ProjectConfigurationPlatforms) = postSolution
		{BF4C4BE1-A63B-4F4F-AC5F-E410BBD74B5B}.Debug|Any CPU.ActiveCfg = Debug|Any CPU
		{BF4C4BE1-A63B-4F4F-AC5F-E410BBD74B5B}.Debug|Any CPU.Build.0 = Debug|Any CPU
		{BF4C4BE1-A63B-4F4F-AC5F-E410BBD74B5B}.Release|Any CPU.ActiveCfg = Debug|Any CPU
		{BF4C4BE1-A63B-4F4F-AC5F-E410BBD74B5B}.Release|Any CPU.Build.0 = Debug|Any CPU
		{9DD09FC0-631D-488E-8B83-2EBAF1ADAA1F}.Debug|Any CPU.ActiveCfg = Debug|Any CPU
		{9DD09FC0-631D-488E-8B83-2EBAF1ADAA1F}.Debug|Any CPU.Build.0 = Debug|Any CPU
		{9DD09FC0-631D-488E-8B83-2EBAF1ADAA1F}.Release|Any CPU.ActiveCfg = Debug|Any CPU
		{9DD09FC0-631D-488E-8B83-2EBAF1ADAA1F}.Release|Any CPU.Build.0 = Debug|Any CPU
		{F2A2BA6C-69BF-417C-AEA9-81D3720C62DF}.Debug|Any CPU.ActiveCfg = Debug|Any CPU
		{F2A2BA6C-69BF-417C-AEA9-81D3720C62DF}.Debug|Any CPU.Build.0 = Debug|Any CPU
		{F2A2BA6C-69BF-417C-AEA9-81D3720C62DF}.Release|Any CPU.ActiveCfg = Debug|Any CPU
		{F2A2BA6C-69BF-417C-AEA9-81D3720C62DF}.Release|Any CPU.Build.0 = Debug|Any CPU
		{5DEB85FC-CE67-4C9A-9CDC-3D3B366494F6}.Debug|Any CPU.ActiveCfg = Debug|Any CPU
		{5DEB85FC-CE67-4C9A-9CDC-3D3B366494F6}.Debug|Any CPU.Build.0 = Debug|Any CPU
		{5DEB85FC-CE67-4C9A-9CDC-3D3B366494F6}.Release|Any CPU.ActiveCfg = Release|Any CPU
		{5DEB85FC-CE67-4C9A-9CDC-3D3B366494F6}.Release|Any CPU.Build.0 = Release|Any CPU
		{FE86F76A-079F-4500-B010-6496234D07E8}.Debug|Any CPU.ActiveCfg = Debug|Any CPU
		{FE86F76A-079F-4500-B010-6496234D07E8}.Debug|Any CPU.Build.0 = Debug|Any CPU
		{FE86F76A-079F-4500-B010-6496234D07E8}.Release|Any CPU.ActiveCfg = Release|Any CPU
		{FE86F76A-079F-4500-B010-6496234D07E8}.Release|Any CPU.Build.0 = Release|Any CPU
		{404FAF6F-8826-4A48-8EB1-94A3FD3CEC11}.Debug|Any CPU.ActiveCfg = Debug|Any CPU
		{404FAF6F-8826-4A48-8EB1-94A3FD3CEC11}.Debug|Any CPU.Build.0 = Debug|Any CPU
		{404FAF6F-8826-4A48-8EB1-94A3FD3CEC11}.Release|Any CPU.ActiveCfg = Release|Any CPU
		{404FAF6F-8826-4A48-8EB1-94A3FD3CEC11}.Release|Any CPU.Build.0 = Release|Any CPU
		{65A682FF-1E8B-40D8-A68D-E3300F91D0C2}.Debug|Any CPU.ActiveCfg = Debug|Any CPU
		{65A682FF-1E8B-40D8-A68D-E3300F91D0C2}.Debug|Any CPU.Build.0 = Debug|Any CPU
		{65A682FF-1E8B-40D8-A68D-E3300F91D0C2}.Release|Any CPU.ActiveCfg = Release|Any CPU
		{65A682FF-1E8B-40D8-A68D-E3300F91D0C2}.Release|Any CPU.Build.0 = Release|Any CPU
		{05F0BD36-6300-4583-A94E-4E82FFCA208E}.Debug|Any CPU.ActiveCfg = Debug|Any CPU
		{05F0BD36-6300-4583-A94E-4E82FFCA208E}.Debug|Any CPU.Build.0 = Debug|Any CPU
		{05F0BD36-6300-4583-A94E-4E82FFCA208E}.Release|Any CPU.ActiveCfg = Release|Any CPU
		{05F0BD36-6300-4583-A94E-4E82FFCA208E}.Release|Any CPU.Build.0 = Release|Any CPU
		{42879650-5129-40FB-B8F9-011E1A0D45E7}.Debug|Any CPU.ActiveCfg = Debug|Any CPU
		{42879650-5129-40FB-B8F9-011E1A0D45E7}.Debug|Any CPU.Build.0 = Debug|Any CPU
		{42879650-5129-40FB-B8F9-011E1A0D45E7}.Release|Any CPU.ActiveCfg = Release|Any CPU
		{42879650-5129-40FB-B8F9-011E1A0D45E7}.Release|Any CPU.Build.0 = Release|Any CPU
		{C008E078-1843-4D44-97E1-65142C6B28EB}.Debug|Any CPU.ActiveCfg = Debug|Any CPU
		{C008E078-1843-4D44-97E1-65142C6B28EB}.Debug|Any CPU.Build.0 = Debug|Any CPU
		{C008E078-1843-4D44-97E1-65142C6B28EB}.Release|Any CPU.ActiveCfg = Release|Any CPU
		{C008E078-1843-4D44-97E1-65142C6B28EB}.Release|Any CPU.Build.0 = Release|Any CPU
		{ED89B49B-4C9B-449B-A433-25A39FD24A95}.Debug|Any CPU.ActiveCfg = Debug|Any CPU
		{ED89B49B-4C9B-449B-A433-25A39FD24A95}.Debug|Any CPU.Build.0 = Debug|Any CPU
		{ED89B49B-4C9B-449B-A433-25A39FD24A95}.Release|Any CPU.ActiveCfg = Release|Any CPU
		{ED89B49B-4C9B-449B-A433-25A39FD24A95}.Release|Any CPU.Build.0 = Release|Any CPU
		{3A71F34D-E573-4DA9-9401-104816AE0C9E}.Debug|Any CPU.ActiveCfg = Debug|Any CPU
		{3A71F34D-E573-4DA9-9401-104816AE0C9E}.Debug|Any CPU.Build.0 = Debug|Any CPU
		{3A71F34D-E573-4DA9-9401-104816AE0C9E}.Release|Any CPU.ActiveCfg = Release|Any CPU
		{3A71F34D-E573-4DA9-9401-104816AE0C9E}.Release|Any CPU.Build.0 = Release|Any CPU
		{BF446DB8-F9D5-4541-B751-1F28594BF406}.Debug|Any CPU.ActiveCfg = Debug|Any CPU
		{BF446DB8-F9D5-4541-B751-1F28594BF406}.Debug|Any CPU.Build.0 = Debug|Any CPU
		{BF446DB8-F9D5-4541-B751-1F28594BF406}.Release|Any CPU.ActiveCfg = Debug|Any CPU
		{BF446DB8-F9D5-4541-B751-1F28594BF406}.Release|Any CPU.Build.0 = Debug|Any CPU
		{DB130598-1869-43C9-92DD-39EAE8FF14C7}.Debug|Any CPU.ActiveCfg = Debug|Any CPU
		{DB130598-1869-43C9-92DD-39EAE8FF14C7}.Debug|Any CPU.Build.0 = Debug|Any CPU
		{DB130598-1869-43C9-92DD-39EAE8FF14C7}.Release|Any CPU.ActiveCfg = Debug|Any CPU
		{DB130598-1869-43C9-92DD-39EAE8FF14C7}.Release|Any CPU.Build.0 = Debug|Any CPU
		{CB3F1292-F64A-49C9-96FD-0E2632CF3BDB}.Debug|Any CPU.ActiveCfg = Debug|Any CPU
		{CB3F1292-F64A-49C9-96FD-0E2632CF3BDB}.Debug|Any CPU.Build.0 = Debug|Any CPU
		{CB3F1292-F64A-49C9-96FD-0E2632CF3BDB}.Release|Any CPU.ActiveCfg = Release|Any CPU
		{CB3F1292-F64A-49C9-96FD-0E2632CF3BDB}.Release|Any CPU.Build.0 = Release|Any CPU
		{2420A5B1-3AFC-4715-A9F2-46AC27913607}.Debug|Any CPU.ActiveCfg = Debug|Any CPU
		{2420A5B1-3AFC-4715-A9F2-46AC27913607}.Debug|Any CPU.Build.0 = Debug|Any CPU
		{2420A5B1-3AFC-4715-A9F2-46AC27913607}.Release|Any CPU.ActiveCfg = Release|Any CPU
		{2420A5B1-3AFC-4715-A9F2-46AC27913607}.Release|Any CPU.Build.0 = Release|Any CPU
		{44DE7DD8-F301-4CCD-9795-93FB597DEC0E}.Debug|Any CPU.ActiveCfg = Debug|Any CPU
		{44DE7DD8-F301-4CCD-9795-93FB597DEC0E}.Debug|Any CPU.Build.0 = Debug|Any CPU
		{44DE7DD8-F301-4CCD-9795-93FB597DEC0E}.Release|Any CPU.ActiveCfg = Release|Any CPU
		{44DE7DD8-F301-4CCD-9795-93FB597DEC0E}.Release|Any CPU.Build.0 = Release|Any CPU
		{7089DFD3-41B4-4F39-B0A9-D9D2D8E08FE0}.Debug|Any CPU.ActiveCfg = Debug|Any CPU
		{7089DFD3-41B4-4F39-B0A9-D9D2D8E08FE0}.Debug|Any CPU.Build.0 = Debug|Any CPU
		{7089DFD3-41B4-4F39-B0A9-D9D2D8E08FE0}.Release|Any CPU.ActiveCfg = Release|Any CPU
		{7089DFD3-41B4-4F39-B0A9-D9D2D8E08FE0}.Release|Any CPU.Build.0 = Release|Any CPU
		{D40FD67E-BB56-4EF6-A14F-92FF6C1DF657}.Debug|Any CPU.ActiveCfg = Debug|Any CPU
		{D40FD67E-BB56-4EF6-A14F-92FF6C1DF657}.Debug|Any CPU.Build.0 = Debug|Any CPU
		{D40FD67E-BB56-4EF6-A14F-92FF6C1DF657}.Release|Any CPU.ActiveCfg = Release|Any CPU
		{D40FD67E-BB56-4EF6-A14F-92FF6C1DF657}.Release|Any CPU.Build.0 = Release|Any CPU
		{7AB7FAAF-0069-4C84-B493-7C9551C0A926}.Debug|Any CPU.ActiveCfg = Debug|Any CPU
		{7AB7FAAF-0069-4C84-B493-7C9551C0A926}.Debug|Any CPU.Build.0 = Debug|Any CPU
		{7AB7FAAF-0069-4C84-B493-7C9551C0A926}.Release|Any CPU.ActiveCfg = Release|Any CPU
		{7AB7FAAF-0069-4C84-B493-7C9551C0A926}.Release|Any CPU.Build.0 = Release|Any CPU
		{CB29100F-3C24-417B-95E2-0C80513FE2D9}.Debug|Any CPU.ActiveCfg = Debug|Any CPU
		{CB29100F-3C24-417B-95E2-0C80513FE2D9}.Debug|Any CPU.Build.0 = Debug|Any CPU
		{CB29100F-3C24-417B-95E2-0C80513FE2D9}.Release|Any CPU.ActiveCfg = Release|Any CPU
		{CB29100F-3C24-417B-95E2-0C80513FE2D9}.Release|Any CPU.Build.0 = Release|Any CPU
		{4B570B2B-C780-4E2F-8833-61764E76A7E8}.Debug|Any CPU.ActiveCfg = Debug|Any CPU
		{4B570B2B-C780-4E2F-8833-61764E76A7E8}.Debug|Any CPU.Build.0 = Debug|Any CPU
		{4B570B2B-C780-4E2F-8833-61764E76A7E8}.Release|Any CPU.ActiveCfg = Release|Any CPU
		{4B570B2B-C780-4E2F-8833-61764E76A7E8}.Release|Any CPU.Build.0 = Release|Any CPU
		{BC08BE99-5ADB-4751-9ADE-9575228586C2}.Debug|Any CPU.ActiveCfg = Debug|Any CPU
		{BC08BE99-5ADB-4751-9ADE-9575228586C2}.Debug|Any CPU.Build.0 = Debug|Any CPU
		{BC08BE99-5ADB-4751-9ADE-9575228586C2}.Release|Any CPU.ActiveCfg = Release|Any CPU
		{BC08BE99-5ADB-4751-9ADE-9575228586C2}.Release|Any CPU.Build.0 = Release|Any CPU
		{EC9AF41E-5A60-44DF-BAAD-271FEA39EC4F}.Debug|Any CPU.ActiveCfg = Debug|Any CPU
		{EC9AF41E-5A60-44DF-BAAD-271FEA39EC4F}.Debug|Any CPU.Build.0 = Debug|Any CPU
		{EC9AF41E-5A60-44DF-BAAD-271FEA39EC4F}.Release|Any CPU.ActiveCfg = Release|Any CPU
		{EC9AF41E-5A60-44DF-BAAD-271FEA39EC4F}.Release|Any CPU.Build.0 = Release|Any CPU
	EndGlobalSection
	GlobalSection(SolutionProperties) = preSolution
		HideSolutionNode = FALSE
	EndGlobalSection
	GlobalSection(NestedProjects) = preSolution
		{BF4C4BE1-A63B-4F4F-AC5F-E410BBD74B5B} = {372AFBB8-9BF6-481F-AE38-77DDAD7D9BA2}
		{9DD09FC0-631D-488E-8B83-2EBAF1ADAA1F} = {C470D092-CD31-4E88-AA48-44BE465FF173}
		{F2A2BA6C-69BF-417C-AEA9-81D3720C62DF} = {C470D092-CD31-4E88-AA48-44BE465FF173}
		{5DEB85FC-CE67-4C9A-9CDC-3D3B366494F6} = {C470D092-CD31-4E88-AA48-44BE465FF173}
		{FE86F76A-079F-4500-B010-6496234D07E8} = {42481222-8059-446A-B47E-B6D45715B35D}
		{404FAF6F-8826-4A48-8EB1-94A3FD3CEC11} = {42481222-8059-446A-B47E-B6D45715B35D}
		{65A682FF-1E8B-40D8-A68D-E3300F91D0C2} = {42481222-8059-446A-B47E-B6D45715B35D}
		{05F0BD36-6300-4583-A94E-4E82FFCA208E} = {42481222-8059-446A-B47E-B6D45715B35D}
		{42879650-5129-40FB-B8F9-011E1A0D45E7} = {02E1C453-A94B-40F8-8780-F669CA0D5291}
		{C008E078-1843-4D44-97E1-65142C6B28EB} = {02E1C453-A94B-40F8-8780-F669CA0D5291}
		{ED89B49B-4C9B-449B-A433-25A39FD24A95} = {02E1C453-A94B-40F8-8780-F669CA0D5291}
		{3A71F34D-E573-4DA9-9401-104816AE0C9E} = {02E1C453-A94B-40F8-8780-F669CA0D5291}
		{BF446DB8-F9D5-4541-B751-1F28594BF406} = {18A13C66-F98D-4FF7-A599-CA312365C206}
		{DB130598-1869-43C9-92DD-39EAE8FF14C7} = {18A13C66-F98D-4FF7-A599-CA312365C206}
		{CB3F1292-F64A-49C9-96FD-0E2632CF3BDB} = {18A13C66-F98D-4FF7-A599-CA312365C206}
		{2420A5B1-3AFC-4715-A9F2-46AC27913607} = {18A13C66-F98D-4FF7-A599-CA312365C206}
		{44DE7DD8-F301-4CCD-9795-93FB597DEC0E} = {18A13C66-F98D-4FF7-A599-CA312365C206}
		{7089DFD3-41B4-4F39-B0A9-D9D2D8E08FE0} = {18A13C66-F98D-4FF7-A599-CA312365C206}
		{D40FD67E-BB56-4EF6-A14F-92FF6C1DF657} = {BDCB2F86-570E-4199-940E-8927E2F7D73A}
		{7AB7FAAF-0069-4C84-B493-7C9551C0A926} = {BDCB2F86-570E-4199-940E-8927E2F7D73A}
		{CB29100F-3C24-417B-95E2-0C80513FE2D9} = {BDCB2F86-570E-4199-940E-8927E2F7D73A}
		{4B570B2B-C780-4E2F-8833-61764E76A7E8} = {BDCB2F86-570E-4199-940E-8927E2F7D73A}
		{BC08BE99-5ADB-4751-9ADE-9575228586C2} = {18A13C66-F98D-4FF7-A599-CA312365C206}
		{EC9AF41E-5A60-44DF-BAAD-271FEA39EC4F} = {C470D092-CD31-4E88-AA48-44BE465FF173}
	EndGlobalSection
	GlobalSection(ExtensibilityGlobals) = postSolution
		SolutionGuid = {A9B79DCA-28DA-4F51-9D0A-1770909A85B8}
	EndGlobalSection
EndGlobal
